PODS:
  - AppleWelcomeScreen (1.0.1)

DEPENDENCIES:
  - AppleWelcomeScreen (from `../`)

EXTERNAL SOURCES:
  AppleWelcomeScreen:
    :path: "../"

SPEC CHECKSUMS:
  AppleWelcomeScreen: 40fa9bb313c1b4c79eab4ed2a1a07b60e0e6d621

PODFILE CHECKSUM: 9c49f2873ca538a46c6b68060122174bf7f10164

COCOAPODS: 1.7.0.beta.2
